
Microsoft Visual Studio Solution File, Format Version 12.00
# Visual Studio Version 17
VisualStudioVersion = 17.4.33205.214
MinimumVisualStudioVersion = 10.0.40219.1
Project("{FAE04EC0-301F-11D3-BF4B-00C04F79EFBC}") = "fitness_center", "fitness_center\fitness_center.csproj", "{E7DA0CB0-6C84-4989-8141-2254A53B580C}"
EndProject
Global
	GlobalSection(SolutionConfigurationPlatforms) = preSolution
		Debug|Any CPU = Debug|Any CPU
		Release|Any CPU = Release|Any CPU
	EndGlobalSection
	GlobalSection(ProjectConfigurationPlatforms) = postSolution
		{E7DA0CB0-6C84-4989-8141-2254A53B580C}.Debug|Any CPU.ActiveCfg = Debug|Any CPU
		{E7DA0CB0-6C84-4989-8141-2254A53B580C}.Debug|Any CPU.Build.0 = Debug|Any CPU
		{E7DA0CB0-6C84-4989-8141-2254A53B580C}.Release|Any CPU.ActiveCfg = Release|Any CPU
		{E7DA0CB0-6C84-4989-8141-2254A53B580C}.Release|Any CPU.Build.0 = Release|Any CPU
	EndGlobalSection
	GlobalSection(SolutionProperties) = preSolution
		HideSolutionNode = FALSE
	EndGlobalSection
	GlobalSection(ExtensibilityGlobals) = postSolution
		SolutionGuid = {98A67336-5FC8-4528-A4BB-B67330422950}
	EndGlobalSection
EndGlobal
